
Microsoft Visual Studio Solution File, Format Version 12.00
# Visual Studio 15
VisualStudioVersion = 15.0.28307.489
MinimumVisualStudioVersion = 10.0.40219.1
Project("{FAE04EC0-301F-11D3-BF4B-00C04F79EFBC}") = "DecoratorPattern", "DecoratorPattern\DecoratorPattern.csproj", "{EC6AF5D1-F3E0-44E3-95A8-B890D7DBF74A}"
EndProject
Global
	GlobalSection(SolutionConfigurationPlatforms) = preSolution
		Debug|Any CPU = Debug|Any CPU
		Release|Any CPU = Release|Any CPU
	EndGlobalSection
	GlobalSection(ProjectConfigurationPlatforms) = postSolution
		{EC6AF5D1-F3E0-44E3-95A8-B890D7DBF74A}.Debug|Any CPU.ActiveCfg = Debug|Any CPU
		{EC6AF5D1-F3E0-44E3-95A8-B890D7DBF74A}.Debug|Any CPU.Build.0 = Debug|Any CPU
		{EC6AF5D1-F3E0-44E3-95A8-B890D7DBF74A}.Release|Any CPU.ActiveCfg = Release|Any CPU
		{EC6AF5D1-F3E0-44E3-95A8-B890D7DBF74A}.Release|Any CPU.Build.0 = Release|Any CPU
	EndGlobalSection
	GlobalSection(SolutionProperties) = preSolution
		HideSolutionNode = FALSE
	EndGlobalSection
	GlobalSection(ExtensibilityGlobals) = postSolution
		SolutionGuid = {F2070C71-D852-4B1C-B8DF-B87C5335EBD5}
	EndGlobalSection
EndGlobal
